// !$*UTF8*$!
{
	archiveVersion = 1;
	classes = {
	};
	objectVersion = 46;
	objects = {

/* Begin PBXBuildFile section */
		8946D9001ABB20D6007FC6E8 /* GameController.swift in Sources */ = {isa = PBXBuildFile; fileRef = 8946D8FF1ABB20D6007FC6E8 /* GameController.swift */; };
		8946D9031ABB2DB9007FC6E8 /* NSIndexPath+Game.swift in Sources */ = {isa = PBXBuildFile; fileRef = 8946D9021ABB2DB9007FC6E8 /* NSIndexPath+Game.swift */; };
		894A8F3B1ABA826400EF6C0C /* TileContainerView.swift in Sources */ = {isa = PBXBuildFile; fileRef = 894A8F3A1ABA826400EF6C0C /* TileContainerView.swift */; };
		894A8F3E1ABA870200EF6C0C /* Utilities.swift in Sources */ = {isa = PBXBuildFile; fileRef = 894A8F3D1ABA870200EF6C0C /* Utilities.swift */; };
		894A8F411ABAF9CA00EF6C0C /* BoardView.swift in Sources */ = {isa = PBXBuildFile; fileRef = 894A8F401ABAF9CA00EF6C0C /* BoardView.swift */; };
		899C1F541AC2183B003E68A9 /* ToastView.swift in Sources */ = {isa = PBXBuildFile; fileRef = 899C1F531AC2183B003E68A9 /* ToastView.swift */; };
		89D5582B1AB8908900000502 /* AppDelegate.swift in Sources */ = {isa = PBXBuildFile; fileRef = 89D5582A1AB8908900000502 /* AppDelegate.swift */; };
		89D5582E1AB8908900000502 /* GameViewController.swift in Sources */ = {isa = PBXBuildFile; fileRef = 89D5582D1AB8908900000502 /* GameViewController.swift */; };
		89D558311AB8908900000502 = {isa = PBXBuildFile; fileRef = 89D5582F1AB8908900000502 /* Main.storyboard */; };
		89D558331AB8908900000502 /* Images.xcassets in Resources */ = {isa = PBXBuildFile; fileRef = 89D558321AB8908900000502 /* Images.xcassets */; };
		89D558361AB8908900000502 = {isa = PBXBuildFile; fileRef = 89D558341AB8908900000502 /* LaunchScreen.xib */; };
		89D558551AB8A1CC00000502 /* FBSDKCoreKit.framework in Frameworks */ = {isa = PBXBuildFile; fileRef = 89D558511AB8A1CC00000502 /* FBSDKCoreKit.framework */; };
		89D558571AB8A1CC00000502 /* FBSDKShareKit.framework in Frameworks */ = {isa = PBXBuildFile; fileRef = 89D558531AB8A1CC00000502 /* FBSDKShareKit.framework */; };
		89D558631AB8A2B600000502 /* UIKit.framework in Frameworks */ = {isa = PBXBuildFile; fileRef = 89D558621AB8A2B600000502 /* UIKit.framework */; };
		89D558651AB8A2BC00000502 /* Foundation.framework in Frameworks */ = {isa = PBXBuildFile; fileRef = 89D558641AB8A2BC00000502 /* Foundation.framework */; };
		89D558671AB8A2C200000502 /* CoreGraphics.framework in Frameworks */ = {isa = PBXBuildFile; fileRef = 89D558661AB8A2C200000502 /* CoreGraphics.framework */; };
		89D5586A1AB8AE8100000502 /* TileView.swift in Sources */ = {isa = PBXBuildFile; fileRef = 89D558691AB8AE8100000502 /* TileView.swift */; };
/* End PBXBuildFile section */

/* Begin PBXFileReference section */
		0726471C8B9C03BE9A64FBDB /* Iconicus-Bridging-Header.h */ = {isa = PBXFileReference; lastKnownFileType = sourcecode.c.h; path = "Iconicus-Bridging-Header.h"; sourceTree = "<group>"; };
		3E2D4851B4BDBBB028F54E3F /* Iconicus-Prefix.pch */ = {isa = PBXFileReference; lastKnownFileType = sourcecode.c.h; path = "Iconicus-Prefix.pch"; sourceTree = "<group>"; };
		8946D8FF1ABB20D6007FC6E8 /* GameController.swift */ = {isa = PBXFileReference; fileEncoding = 4; lastKnownFileType = sourcecode.swift; path = GameController.swift; sourceTree = "<group>"; };
		8946D9021ABB2DB9007FC6E8 /* NSIndexPath+Game.swift */ = {isa = PBXFileReference; fileEncoding = 4; lastKnownFileType = sourcecode.swift; path = "NSIndexPath+Game.swift"; sourceTree = "<group>"; };
		894A8F3A1ABA826400EF6C0C /* TileContainerView.swift */ = {isa = PBXFileReference; fileEncoding = 4; lastKnownFileType = sourcecode.swift; path = TileContainerView.swift; sourceTree = "<group>"; };
		894A8F3D1ABA870200EF6C0C /* Utilities.swift */ = {isa = PBXFileReference; fileEncoding = 4; lastKnownFileType = sourcecode.swift; path = Utilities.swift; sourceTree = "<group>"; };
		894A8F401ABAF9CA00EF6C0C /* BoardView.swift */ = {isa = PBXFileReference; fileEncoding = 4; lastKnownFileType = sourcecode.swift; path = BoardView.swift; sourceTree = "<group>"; };
		899C1F531AC2183B003E68A9 /* ToastView.swift */ = {isa = PBXFileReference; fileEncoding = 4; lastKnownFileType = sourcecode.swift; path = ToastView.swift; sourceTree = "<group>"; };
		89CD50F01AFA706D009E7523 /* Iconicus.xcconfig */ = {isa = PBXFileReference; lastKnownFileType = text.xcconfig; name = Iconicus.xcconfig; path = Configurations/Iconicus.xcconfig; sourceTree = "<group>"; };
		89D558221AB8908900000502 /* Iconicus.app */ = {isa = PBXFileReference; explicitFileType = wrapper.application; includeInIndex = 0; path = Iconicus.app; sourceTree = BUILT_PRODUCTS_DIR; };
		89D558261AB8908900000502 /* Iconicus-Info.plist */ = {isa = PBXFileReference; lastKnownFileType = text.plist.xml; path = "Iconicus-Info.plist"; sourceTree = "<group>"; };
		89D5582A1AB8908900000502 /* AppDelegate.swift */ = {isa = PBXFileReference; lastKnownFileType = sourcecode.swift; path = AppDelegate.swift; sourceTree = "<group>"; };
		89D5582D1AB8908900000502 /* GameViewController.swift */ = {isa = PBXFileReference; lastKnownFileType = sourcecode.swift; path = GameViewController.swift; sourceTree = "<group>"; };
		89D558301AB8908900000502 /* Base */ = {isa = PBXFileReference; lastKnownFileType = file.storyboard; name = Base; path = Base.lproj/Main.storyboard; sourceTree = "<group>"; };
		89D558321AB8908900000502 /* Images.xcassets */ = {isa = PBXFileReference; lastKnownFileType = folder.assetcatalog; path = Images.xcassets; sourceTree = "<group>"; };
		89D558351AB8908900000502 /* Base */ = {isa = PBXFileReference; lastKnownFileType = file.xib; name = Base; path = Base.lproj/LaunchScreen.xib; sourceTree = "<group>"; };
		89D558511AB8A1CC00000502 /* FBSDKCoreKit.framework */ = {isa = PBXFileReference; lastKnownFileType = wrapper.framework; name = FBSDKCoreKit.framework; path = ../../build/FBSDKCoreKit.framework; sourceTree = SOURCE_ROOT; };
		89D558531AB8A1CC00000502 /* FBSDKShareKit.framework */ = {isa = PBXFileReference; lastKnownFileType = wrapper.framework; name = FBSDKShareKit.framework; path = ../../build/FBSDKShareKit.framework; sourceTree = SOURCE_ROOT; };
		89D558591AB8A22200000502 /* Application.xcconfig */ = {isa = PBXFileReference; fileEncoding = 4; lastKnownFileType = text.xcconfig; name = Application.xcconfig; path = ../Configurations/Application.xcconfig; sourceTree = "<group>"; };
		89D5585A1AB8A22200000502 /* Project-Debug.xcconfig */ = {isa = PBXFileReference; fileEncoding = 4; lastKnownFileType = text.xcconfig; name = "Project-Debug.xcconfig"; path = "../Configurations/Project-Debug.xcconfig"; sourceTree = "<group>"; };
		89D5585B1AB8A22200000502 /* Project-Release.xcconfig */ = {isa = PBXFileReference; fileEncoding = 4; lastKnownFileType = text.xcconfig; name = "Project-Release.xcconfig"; path = "../Configurations/Project-Release.xcconfig"; sourceTree = "<group>"; };
		89D5585C1AB8A22200000502 /* Project.xcconfig */ = {isa = PBXFileReference; fileEncoding = 4; lastKnownFileType = text.xcconfig; name = Project.xcconfig; path = ../Configurations/Project.xcconfig; sourceTree = "<group>"; };
		89D558611AB8A29400000502 /* Iconicus-Prefix.pch */ = {isa = PBXFileReference; lastKnownFileType = sourcecode.c.h; path = "Iconicus-Prefix.pch"; sourceTree = "<group>"; };
		89D558621AB8A2B600000502 /* UIKit.framework */ = {isa = PBXFileReference; lastKnownFileType = wrapper.framework; name = UIKit.framework; path = System/Library/Frameworks/UIKit.framework; sourceTree = SDKROOT; };
		89D558641AB8A2BC00000502 /* Foundation.framework */ = {isa = PBXFileReference; lastKnownFileType = wrapper.framework; name = Foundation.framework; path = System/Library/Frameworks/Foundation.framework; sourceTree = SDKROOT; };
		89D558661AB8A2C200000502 /* CoreGraphics.framework */ = {isa = PBXFileReference; lastKnownFileType = wrapper.framework; name = CoreGraphics.framework; path = System/Library/Frameworks/CoreGraphics.framework; sourceTree = SDKROOT; };
		89D558691AB8AE8100000502 /* TileView.swift */ = {isa = PBXFileReference; fileEncoding = 4; lastKnownFileType = sourcecode.swift; path = TileView.swift; sourceTree = "<group>"; };
/* End PBXFileReference section */

/* Begin PBXFrameworksBuildPhase section */
		89D5581F1AB8908900000502 /* Frameworks */ = {
			isa = PBXFrameworksBuildPhase;
			buildActionMask = 2147483647;
			files = (
				89D558671AB8A2C200000502 /* CoreGraphics.framework in Frameworks */,
				89D558651AB8A2BC00000502 /* Foundation.framework in Frameworks */,
				89D558631AB8A2B600000502 /* UIKit.framework in Frameworks */,
				89D558551AB8A1CC00000502 /* FBSDKCoreKit.framework in Frameworks */,
				89D558571AB8A1CC00000502 /* FBSDKShareKit.framework in Frameworks */,
			);
			runOnlyForDeploymentPostprocessing = 0;
		};
/* End PBXFrameworksBuildPhase section */

/* Begin PBXGroup section */
		89D558191AB8908900000502 = {
			isa = PBXGroup;
			children = (
				89D558581AB8A20D00000502 /* Configurations */,
				89D5584F1AB8A1B100000502 /* Frameworks */,
				89D558241AB8908900000502 /* Iconicus */,
				89D558231AB8908900000502 /* Products */,
				3E2D4851B4BDBBB028F54E3F /* Iconicus-Prefix.pch */,
				0726471C8B9C03BE9A64FBDB /* Iconicus-Bridging-Header.h */,
			);
			sourceTree = "<group>";
		};
		89D558231AB8908900000502 /* Products */ = {
			isa = PBXGroup;
			children = (
				89D558221AB8908900000502 /* Iconicus.app */,
			);
			name = Products;
			sourceTree = "<group>";
		};
		89D558241AB8908900000502 /* Iconicus */ = {
			isa = PBXGroup;
			children = (
				89D5582A1AB8908900000502 /* AppDelegate.swift */,
				894A8F401ABAF9CA00EF6C0C /* BoardView.swift */,
				8946D8FF1ABB20D6007FC6E8 /* GameController.swift */,
				89D5582D1AB8908900000502 /* GameViewController.swift */,
				89D558321AB8908900000502 /* Images.xcassets */,
				89D558341AB8908900000502 /* LaunchScreen.xib */,
				89D5582F1AB8908900000502 /* Main.storyboard */,
				8946D9021ABB2DB9007FC6E8 /* NSIndexPath+Game.swift */,
				89D558251AB8908900000502 /* Supporting Files */,
				894A8F3A1ABA826400EF6C0C /* TileContainerView.swift */,
				89D558691AB8AE8100000502 /* TileView.swift */,
				899C1F531AC2183B003E68A9 /* ToastView.swift */,
				894A8F3D1ABA870200EF6C0C /* Utilities.swift */,
			);
			path = Iconicus;
			sourceTree = "<group>";
		};
		89D558251AB8908900000502 /* Supporting Files */ = {
			isa = PBXGroup;
			children = (
				89D558261AB8908900000502 /* Iconicus-Info.plist */,
				89D558611AB8A29400000502 /* Iconicus-Prefix.pch */,
			);
			name = "Supporting Files";
			sourceTree = "<group>";
		};
		89D5584F1AB8A1B100000502 /* Frameworks */ = {
			isa = PBXGroup;
			children = (
				89D558661AB8A2C200000502 /* CoreGraphics.framework */,
				89D558511AB8A1CC00000502 /* FBSDKCoreKit.framework */,
				89D558531AB8A1CC00000502 /* FBSDKShareKit.framework */,
				89D558641AB8A2BC00000502 /* Foundation.framework */,
				89D558621AB8A2B600000502 /* UIKit.framework */,
			);
			name = Frameworks;
			sourceTree = "<group>";
		};
		89D558581AB8A20D00000502 /* Configurations */ = {
			isa = PBXGroup;
			children = (
				89D558591AB8A22200000502 /* Application.xcconfig */,
				89CD50F01AFA706D009E7523 /* Iconicus.xcconfig */,
				89D5585A1AB8A22200000502 /* Project-Debug.xcconfig */,
				89D5585B1AB8A22200000502 /* Project-Release.xcconfig */,
				89D5585C1AB8A22200000502 /* Project.xcconfig */,
			);
			name = Configurations;
			sourceTree = "<group>";
		};
/* End PBXGroup section */

/* Begin PBXNativeTarget section */
		89D558211AB8908900000502 /* Iconicus */ = {
			isa = PBXNativeTarget;
			buildConfigurationList = 89D558451AB8908900000502 /* Build configuration list for PBXNativeTarget "Iconicus" */;
			buildPhases = (
				89D5581E1AB8908900000502 /* Sources */,
				89D5581F1AB8908900000502 /* Frameworks */,
				89D558201AB8908900000502 /* Resources */,
			);
			buildRules = (
			);
			dependencies = (
			);
			name = Iconicus;
			productName = Iconicus;
			productReference = 89D558221AB8908900000502 /* Iconicus.app */;
			productType = "com.apple.product-type.application";
		};
/* End PBXNativeTarget section */

/* Begin PBXProject section */
		89D5581A1AB8908900000502 /* Project object */ = {
			isa = PBXProject;
			attributes = {
				LastUpgradeCheck = 0630;
				ORGANIZATIONNAME = "Facebook, Inc";
				TargetAttributes = {
					89D558211AB8908900000502 = {
						CreatedOnToolsVersion = 6.2;
					};
				};
			};
			buildConfigurationList = 89D5581D1AB8908900000502 /* Build configuration list for PBXProject "Iconicus" */;
			compatibilityVersion = "Xcode 3.2";
			developmentRegion = English;
			hasScannedForEncodings = 0;
			knownRegions = (
				en,
				Base,
			);
			mainGroup = 89D558191AB8908900000502;
			productRefGroup = 89D558231AB8908900000502;
			projectDirPath = "";
			projectRoot = "";
			targets = (
				89D558211AB8908900000502 /* Iconicus */,
			);
		};
/* End PBXProject section */

/* Begin PBXResourcesBuildPhase section */
		89D558201AB8908900000502 /* Resources */ = {
			isa = PBXResourcesBuildPhase;
			buildActionMask = 2147483647;
			files = (
				89D558311AB8908900000502,
				89D558361AB8908900000502,
				89D558331AB8908900000502 /* Images.xcassets in Resources */,
			);
			runOnlyForDeploymentPostprocessing = 0;
		};
/* End PBXResourcesBuildPhase section */

/* Begin PBXSourcesBuildPhase section */
		89D5581E1AB8908900000502 /* Sources */ = {
			isa = PBXSourcesBuildPhase;
			buildActionMask = 2147483647;
			files = (
				8946D9031ABB2DB9007FC6E8 /* NSIndexPath+Game.swift in Sources */,
				894A8F3E1ABA870200EF6C0C /* Utilities.swift in Sources */,
				8946D9001ABB20D6007FC6E8 /* GameController.swift in Sources */,
				89D5582E1AB8908900000502 /* GameViewController.swift in Sources */,
				899C1F541AC2183B003E68A9 /* ToastView.swift in Sources */,
				89D5582B1AB8908900000502 /* AppDelegate.swift in Sources */,
				894A8F3B1ABA826400EF6C0C /* TileContainerView.swift in Sources */,
				89D5586A1AB8AE8100000502 /* TileView.swift in Sources */,
				894A8F411ABAF9CA00EF6C0C /* BoardView.swift in Sources */,
			);
			runOnlyForDeploymentPostprocessing = 0;
		};
/* End PBXSourcesBuildPhase section */

/* Begin PBXVariantGroup section */
		89D5582F1AB8908900000502 /* Main.storyboard */ = {
			isa = PBXVariantGroup;
			children = (
				89D558301AB8908900000502 /* Base */,
			);
			name = Main.storyboard;
			sourceTree = "<group>";
		};
		89D558341AB8908900000502 /* LaunchScreen.xib */ = {
			isa = PBXVariantGroup;
			children = (
				89D558351AB8908900000502 /* Base */,
			);
			name = LaunchScreen.xib;
			sourceTree = "<group>";
		};
/* End PBXVariantGroup section */

/* Begin XCBuildConfiguration section */
		89D558431AB8908900000502 /* Debug */ = {
			isa = XCBuildConfiguration;
			baseConfigurationReference = 89D5585A1AB8A22200000502;
			buildSettings = {
			};
			name = Debug;
		};
		89D558441AB8908900000502 /* Release */ = {
			isa = XCBuildConfiguration;
			baseConfigurationReference = 89D5585B1AB8A22200000502;
			buildSettings = {
			};
			name = Release;
		};
		89D558461AB8908900000502 /* Debug */ = {
			isa = XCBuildConfiguration;
			baseConfigurationReference = 89CD50F01AFA706D009E7523;
			buildSettings = {
				CLANG_ENABLE_MODULES = YES;
				GCC_PRECOMPILE_PREFIX_HEADER = YES;
				GCC_PREFIX_HEADER = "Iconicus-Prefix.pch";
				LD_RUNPATH_SEARCH_PATHS = (
					"$(inherited)",
					"@executable_path/Frameworks",
					"@executable_path/../Frameworks",
					"@executable_path/../../Frameworks",
					"@loader_path/Frameworks",
					"@loader_path/../Frameworks",
					"@loader_path/../../Frameworks",
				);
				SWIFT_OBJC_BRIDGING_HEADER = "Iconicus-Bridging-Header.h";
				SWIFT_OPTIMIZATION_LEVEL = "-Onone";
				SWIFT_VERSION = 4.2;
			};
			name = Debug;
		};
		89D558471AB8908900000502 /* Release */ = {
			isa = XCBuildConfiguration;
			baseConfigurationReference = 89CD50F01AFA706D009E7523;
			buildSettings = {
				CLANG_ENABLE_MODULES = YES;
				GCC_PRECOMPILE_PREFIX_HEADER = YES;
				GCC_PREFIX_HEADER = "Iconicus-Prefix.pch";
				LD_RUNPATH_SEARCH_PATHS = (
					"$(inherited)",
					"@executable_path/Frameworks",
					"@executable_path/../Frameworks",
					"@executable_path/../../Frameworks",
					"@loader_path/Frameworks",
					"@loader_path/../Frameworks",
					"@loader_path/../../Frameworks",
				);
				SWIFT_OBJC_BRIDGING_HEADER = "Iconicus-Bridging-Header.h";
				SWIFT_VERSION = 4.2;
			};
			name = Release;
		};
/* End XCBuildConfiguration section */

/* Begin XCConfigurationList section */
		89D5581D1AB8908900000502 /* Build configuration list for PBXProject "Iconicus" */ = {
			isa = XCConfigurationList;
			buildConfigurations = (
				89D558431AB8908900000502 /* Debug */,
				89D558441AB8908900000502 /* Release */,
			);
			defaultConfigurationIsVisible = 0;
			defaultConfigurationName = Release;
		};
		89D558451AB8908900000502 /* Build configuration list for PBXNativeTarget "Iconicus" */ = {
			isa = XCConfigurationList;
			buildConfigurations = (
				89D558461AB8908900000502 /* Debug */,
				89D558471AB8908900000502 /* Release */,
			);
			defaultConfigurationIsVisible = 0;
			defaultConfigurationName = Release;
		};
/* End XCConfigurationList section */
	};
	rootObject = 89D5581A1AB8908900000502 /* Project object */;
}
