// !$*UTF8*$!
{
	archiveVersion = 1;
	classes = {
	};
	objectVersion = 46;
	objects = {

/* Begin PBXBuildFile section */
		811C5E4D1CFFD4D100E4A925 /* FacebookCore.framework in Frameworks */ = {isa = PBXBuildFile; fileRef = 8115C0D81CFE540D001FF33B /* FacebookCore.framework */; };
		811C5E561CFFD4F800E4A925 /* FacebookCore.framework in Frameworks */ = {isa = PBXBuildFile; fileRef = 8115C0D81CFE540D001FF33B /* FacebookCore.framework */; };
		F409967322289D3000F23464 /* AccessToken.swift in Sources */ = {isa = PBXBuildFile; fileRef = F409967222289D3000F23464 /* AccessToken.swift */; };
		F409967522299BE200F23464 /* AccessTokenWalletTests.swift in Sources */ = {isa = PBXBuildFile; fileRef = F409967422299BE200F23464 /* AccessTokenWalletTests.swift */; };
		F4144A10222DAFCD00CB83E0 /* PermissionTests.swift in Sources */ = {isa = PBXBuildFile; fileRef = F4144A0F222DAFCD00CB83E0 /* PermissionTests.swift */; };
		F4144A12222DB16C00CB83E0 /* Permission.swift in Sources */ = {isa = PBXBuildFile; fileRef = F4144A11222DB16C00CB83E0 /* Permission.swift */; };
		F44DB69222299FA10083506E /* AccessTokenWallet.swift in Sources */ = {isa = PBXBuildFile; fileRef = F44DB69122299FA10083506E /* AccessTokenWallet.swift */; };
		F44DB6942229AB460083506E /* InternalUtility.swift in Sources */ = {isa = PBXBuildFile; fileRef = F44DB6932229AB460083506E /* InternalUtility.swift */; };
		F44DB6982229AE4C0083506E /* FakeCookieUtility.swift in Sources */ = {isa = PBXBuildFile; fileRef = F44DB6952229ADFB0083506E /* FakeCookieUtility.swift */; };
		F44DB69B2229B37F0083506E /* Settings.swift in Sources */ = {isa = PBXBuildFile; fileRef = F44DB69A2229B37F0083506E /* Settings.swift */; };
		F44DB69D2229B4420083506E /* AccessTokenCaching.swift in Sources */ = {isa = PBXBuildFile; fileRef = F44DB69C2229B4420083506E /* AccessTokenCaching.swift */; };
		F44DB69F2229B4C50083506E /* AccessTokenCache.swift in Sources */ = {isa = PBXBuildFile; fileRef = F44DB69E2229B4C50083506E /* AccessTokenCache.swift */; };
		F44DB6A12229C50E0083506E /* FakeAccessTokenCache.swift in Sources */ = {isa = PBXBuildFile; fileRef = F44DB6A02229C50E0083506E /* FakeAccessTokenCache.swift */; };
		F44DB6A32229C6B60083506E /* FakeSettings.swift in Sources */ = {isa = PBXBuildFile; fileRef = F44DB6A22229C6B60083506E /* FakeSettings.swift */; };
		F44DB6A52229CFFC0083506E /* FakeNotificationCenter.swift in Sources */ = {isa = PBXBuildFile; fileRef = F44DB6A42229CFFC0083506E /* FakeNotificationCenter.swift */; };
		F44DB6A92229D7BF0083506E /* AccessTokenWalletConfigurationTests.swift in Sources */ = {isa = PBXBuildFile; fileRef = F44DB6A82229D7BF0083506E /* AccessTokenWalletConfigurationTests.swift */; };
		F44DB6AD222AF53B0083506E /* AccessTokenFixtures.swift in Sources */ = {isa = PBXBuildFile; fileRef = F44DB6AC222AF53B0083506E /* AccessTokenFixtures.swift */; };
		F44DB6B1222B01A30083506E /* NotificationName+Extensions.swift in Sources */ = {isa = PBXBuildFile; fileRef = F44DB6AF222B019D0083506E /* NotificationName+Extensions.swift */; };
		F44DB6B5222B024A0083506E /* NotificationCenter+Extensions.swift in Sources */ = {isa = PBXBuildFile; fileRef = F44DB6B3222B022E0083506E /* NotificationCenter+Extensions.swift */; };
		F44DB6B7222B07050083506E /* GraphRequestConnection.swift in Sources */ = {isa = PBXBuildFile; fileRef = F44DB6B6222B07050083506E /* GraphRequestConnection.swift */; };
		F44DB6B9222B07740083506E /* GraphConnectionProvider.swift in Sources */ = {isa = PBXBuildFile; fileRef = F44DB6B8222B07740083506E /* GraphConnectionProvider.swift */; };
		F44DB6BD222B0DD20083506E /* GraphRequestPiggybackManager.swift in Sources */ = {isa = PBXBuildFile; fileRef = F44DB6BC222B0DD20083506E /* GraphRequestPiggybackManager.swift */; };
		F44DB6BF222B10040083506E /* FakeGraphConnectionProvider.swift in Sources */ = {isa = PBXBuildFile; fileRef = F44DB6BE222B10040083506E /* FakeGraphConnectionProvider.swift */; };
		F44DB6C1222B11620083506E /* FakeGraphRequestConnection.swift in Sources */ = {isa = PBXBuildFile; fileRef = F44DB6C0222B11620083506E /* FakeGraphRequestConnection.swift */; };
		F44DB6C3222B136F0083506E /* FakeGraphRequestPiggybackManager.swift in Sources */ = {isa = PBXBuildFile; fileRef = F44DB6C2222B136F0083506E /* FakeGraphRequestPiggybackManager.swift */; };
		F45734CF222D892A001F806A /* GraphConnectionProviderTests.swift in Sources */ = {isa = PBXBuildFile; fileRef = F45734CE222D892A001F806A /* GraphConnectionProviderTests.swift */; };
		F45734D1222D9343001F806A /* AccessTokenCacheTests.swift in Sources */ = {isa = PBXBuildFile; fileRef = F45734D0222D9343001F806A /* AccessTokenCacheTests.swift */; };
		F45734D3222D941D001F806A /* GraphRequestConnectionTests.swift in Sources */ = {isa = PBXBuildFile; fileRef = F45734D2222D941D001F806A /* GraphRequestConnectionTests.swift */; };
		F45734D5222D94B2001F806A /* GraphRequestPiggybackManagerTests.swift in Sources */ = {isa = PBXBuildFile; fileRef = F45734D4222D94B2001F806A /* GraphRequestPiggybackManagerTests.swift */; };
		F45734D7222D9535001F806A /* InternalUtilityTests.swift in Sources */ = {isa = PBXBuildFile; fileRef = F45734D6222D9535001F806A /* InternalUtilityTests.swift */; };
		F49FA47E222880FE0008CAD6 /* FacebookCore.framework in Frameworks */ = {isa = PBXBuildFile; fileRef = 8115C0D81CFE540D001FF33B /* FacebookCore.framework */; };
		F49FA4902228819E0008CAD6 /* AccessTokenTests.swift in Sources */ = {isa = PBXBuildFile; fileRef = F49FA48F2228819E0008CAD6 /* AccessTokenTests.swift */; };
		F49FA4A1222896310008CAD6 /* FacebookCoreTests.xcconfig in Resources */ = {isa = PBXBuildFile; fileRef = F49FA4A0222896310008CAD6 /* FacebookCoreTests.xcconfig */; };
/* End PBXBuildFile section */

/* Begin PBXContainerItemProxy section */
		811C5E471CFFD4C800E4A925 /* PBXContainerItemProxy */ = {
			isa = PBXContainerItemProxy;
			containerPortal = 8115C0CF1CFE540D001FF33B /* Project object */;
			proxyType = 1;
			remoteGlobalIDString = 8115C0D71CFE540D001FF33B;
			remoteInfo = FacebookCore;
		};
		811C5E541CFFD4F100E4A925 /* PBXContainerItemProxy */ = {
			isa = PBXContainerItemProxy;
			containerPortal = 8115C0CF1CFE540D001FF33B /* Project object */;
			proxyType = 1;
			remoteGlobalIDString = 8115C0D71CFE540D001FF33B;
			remoteInfo = FacebookCore;
		};
		F49FA47F222880FE0008CAD6 /* PBXContainerItemProxy */ = {
			isa = PBXContainerItemProxy;
			containerPortal = 8115C0CF1CFE540D001FF33B /* Project object */;
			proxyType = 1;
			remoteGlobalIDString = 8115C0D71CFE540D001FF33B;
			remoteInfo = FacebookCore;
		};
/* End PBXContainerItemProxy section */

/* Begin PBXFileReference section */
		8115C0D81CFE540D001FF33B /* FacebookCore.framework */ = {isa = PBXFileReference; explicitFileType = wrapper.framework; includeInIndex = 0; path = FacebookCore.framework; sourceTree = BUILT_PRODUCTS_DIR; };
		8115C0E41CFE543A001FF33B /* Info.plist */ = {isa = PBXFileReference; fileEncoding = 4; lastKnownFileType = text.plist.xml; path = Info.plist; sourceTree = "<group>"; };
		811AD1B51D35D9C8007689DC /* Version.xcconfig */ = {isa = PBXFileReference; lastKnownFileType = text.xcconfig; path = Version.xcconfig; sourceTree = "<group>"; };
		811C5DFD1CFFD36600E4A925 /* FacebookLogin.framework */ = {isa = PBXFileReference; explicitFileType = wrapper.framework; includeInIndex = 0; path = FacebookLogin.framework; sourceTree = BUILT_PRODUCTS_DIR; };
		811C5E0A1CFFD36D00E4A925 /* FacebookShare.framework */ = {isa = PBXFileReference; explicitFileType = wrapper.framework; includeInIndex = 0; path = FacebookShare.framework; sourceTree = BUILT_PRODUCTS_DIR; };
		81654DC41D356E9A006401F1 /* FacebookCore.xcconfig */ = {isa = PBXFileReference; lastKnownFileType = text.xcconfig; path = FacebookCore.xcconfig; sourceTree = "<group>"; };
		81654DC51D356E9A006401F1 /* FacebookLogin.xcconfig */ = {isa = PBXFileReference; lastKnownFileType = text.xcconfig; path = FacebookLogin.xcconfig; sourceTree = "<group>"; };
		81654DC61D356E9A006401F1 /* FacebookShare.xcconfig */ = {isa = PBXFileReference; lastKnownFileType = text.xcconfig; path = FacebookShare.xcconfig; sourceTree = "<group>"; };
		81654DC81D356E9A006401F1 /* Common.xcconfig */ = {isa = PBXFileReference; lastKnownFileType = text.xcconfig; path = Common.xcconfig; sourceTree = "<group>"; };
		81654DCA1D356E9A006401F1 /* iOS.xcconfig */ = {isa = PBXFileReference; lastKnownFileType = text.xcconfig; path = iOS.xcconfig; sourceTree = "<group>"; };
		81654DCB1D356E9A006401F1 /* macOS.xcconfig */ = {isa = PBXFileReference; lastKnownFileType = text.xcconfig; path = macOS.xcconfig; sourceTree = "<group>"; };
		81654DCC1D356E9A006401F1 /* tvOS.xcconfig */ = {isa = PBXFileReference; lastKnownFileType = text.xcconfig; path = tvOS.xcconfig; sourceTree = "<group>"; };
		81654DCD1D356E9A006401F1 /* watchOS.xcconfig */ = {isa = PBXFileReference; lastKnownFileType = text.xcconfig; path = watchOS.xcconfig; sourceTree = "<group>"; };
		81654DCF1D356E9A006401F1 /* Application.xcconfig */ = {isa = PBXFileReference; lastKnownFileType = text.xcconfig; path = Application.xcconfig; sourceTree = "<group>"; };
		81654DD01D356E9A006401F1 /* DynamicFramework.xcconfig */ = {isa = PBXFileReference; lastKnownFileType = text.xcconfig; path = DynamicFramework.xcconfig; sourceTree = "<group>"; };
		81654DD11D356E9A006401F1 /* LogicTests.xcconfig */ = {isa = PBXFileReference; lastKnownFileType = text.xcconfig; path = LogicTests.xcconfig; sourceTree = "<group>"; };
		81654DD21D356E9A006401F1 /* StaticFramework.xcconfig */ = {isa = PBXFileReference; lastKnownFileType = text.xcconfig; path = StaticFramework.xcconfig; sourceTree = "<group>"; };
		81654DD41D356E9A006401F1 /* Debug.xcconfig */ = {isa = PBXFileReference; lastKnownFileType = text.xcconfig; path = Debug.xcconfig; sourceTree = "<group>"; };
		81654DD51D356E9A006401F1 /* Release.xcconfig */ = {isa = PBXFileReference; lastKnownFileType = text.xcconfig; path = Release.xcconfig; sourceTree = "<group>"; };
		81654DD61D356E9A006401F1 /* Warnings.xcconfig */ = {isa = PBXFileReference; lastKnownFileType = text.xcconfig; path = Warnings.xcconfig; sourceTree = "<group>"; };
		F409967222289D3000F23464 /* AccessToken.swift */ = {isa = PBXFileReference; lastKnownFileType = sourcecode.swift; path = AccessToken.swift; sourceTree = "<group>"; };
		F409967422299BE200F23464 /* AccessTokenWalletTests.swift */ = {isa = PBXFileReference; lastKnownFileType = sourcecode.swift; path = AccessTokenWalletTests.swift; sourceTree = "<group>"; };
		F4144A0F222DAFCD00CB83E0 /* PermissionTests.swift */ = {isa = PBXFileReference; lastKnownFileType = sourcecode.swift; path = PermissionTests.swift; sourceTree = "<group>"; };
		F4144A11222DB16C00CB83E0 /* Permission.swift */ = {isa = PBXFileReference; lastKnownFileType = sourcecode.swift; path = Permission.swift; sourceTree = "<group>"; };
		F44DB69122299FA10083506E /* AccessTokenWallet.swift */ = {isa = PBXFileReference; lastKnownFileType = sourcecode.swift; path = AccessTokenWallet.swift; sourceTree = "<group>"; };
		F44DB6932229AB460083506E /* InternalUtility.swift */ = {isa = PBXFileReference; lastKnownFileType = sourcecode.swift; path = InternalUtility.swift; sourceTree = "<group>"; };
		F44DB6952229ADFB0083506E /* FakeCookieUtility.swift */ = {isa = PBXFileReference; lastKnownFileType = sourcecode.swift; path = FakeCookieUtility.swift; sourceTree = "<group>"; };
		F44DB69A2229B37F0083506E /* Settings.swift */ = {isa = PBXFileReference; lastKnownFileType = sourcecode.swift; path = Settings.swift; sourceTree = "<group>"; };
		F44DB69C2229B4420083506E /* AccessTokenCaching.swift */ = {isa = PBXFileReference; lastKnownFileType = sourcecode.swift; path = AccessTokenCaching.swift; sourceTree = "<group>"; };
		F44DB69E2229B4C50083506E /* AccessTokenCache.swift */ = {isa = PBXFileReference; lastKnownFileType = sourcecode.swift; path = AccessTokenCache.swift; sourceTree = "<group>"; };
		F44DB6A02229C50E0083506E /* FakeAccessTokenCache.swift */ = {isa = PBXFileReference; lastKnownFileType = sourcecode.swift; path = FakeAccessTokenCache.swift; sourceTree = "<group>"; };
		F44DB6A22229C6B60083506E /* FakeSettings.swift */ = {isa = PBXFileReference; lastKnownFileType = sourcecode.swift; path = FakeSettings.swift; sourceTree = "<group>"; };
		F44DB6A42229CFFC0083506E /* FakeNotificationCenter.swift */ = {isa = PBXFileReference; lastKnownFileType = sourcecode.swift; path = FakeNotificationCenter.swift; sourceTree = "<group>"; };
		F44DB6A82229D7BF0083506E /* AccessTokenWalletConfigurationTests.swift */ = {isa = PBXFileReference; lastKnownFileType = sourcecode.swift; path = AccessTokenWalletConfigurationTests.swift; sourceTree = "<group>"; };
		F44DB6AC222AF53B0083506E /* AccessTokenFixtures.swift */ = {isa = PBXFileReference; lastKnownFileType = sourcecode.swift; path = AccessTokenFixtures.swift; sourceTree = "<group>"; };
		F44DB6AF222B019D0083506E /* NotificationName+Extensions.swift */ = {isa = PBXFileReference; lastKnownFileType = sourcecode.swift; path = "NotificationName+Extensions.swift"; sourceTree = "<group>"; };
		F44DB6B3222B022E0083506E /* NotificationCenter+Extensions.swift */ = {isa = PBXFileReference; lastKnownFileType = sourcecode.swift; path = "NotificationCenter+Extensions.swift"; sourceTree = "<group>"; };
		F44DB6B6222B07050083506E /* GraphRequestConnection.swift */ = {isa = PBXFileReference; lastKnownFileType = sourcecode.swift; path = GraphRequestConnection.swift; sourceTree = "<group>"; };
		F44DB6B8222B07740083506E /* GraphConnectionProvider.swift */ = {isa = PBXFileReference; lastKnownFileType = sourcecode.swift; path = GraphConnectionProvider.swift; sourceTree = "<group>"; };
		F44DB6BC222B0DD20083506E /* GraphRequestPiggybackManager.swift */ = {isa = PBXFileReference; lastKnownFileType = sourcecode.swift; path = GraphRequestPiggybackManager.swift; sourceTree = "<group>"; };
		F44DB6BE222B10040083506E /* FakeGraphConnectionProvider.swift */ = {isa = PBXFileReference; lastKnownFileType = sourcecode.swift; path = FakeGraphConnectionProvider.swift; sourceTree = "<group>"; };
		F44DB6C0222B11620083506E /* FakeGraphRequestConnection.swift */ = {isa = PBXFileReference; lastKnownFileType = sourcecode.swift; path = FakeGraphRequestConnection.swift; sourceTree = "<group>"; };
		F44DB6C2222B136F0083506E /* FakeGraphRequestPiggybackManager.swift */ = {isa = PBXFileReference; lastKnownFileType = sourcecode.swift; path = FakeGraphRequestPiggybackManager.swift; sourceTree = "<group>"; };
		F45734CE222D892A001F806A /* GraphConnectionProviderTests.swift */ = {isa = PBXFileReference; lastKnownFileType = sourcecode.swift; path = GraphConnectionProviderTests.swift; sourceTree = "<group>"; };
		F45734D0222D9343001F806A /* AccessTokenCacheTests.swift */ = {isa = PBXFileReference; lastKnownFileType = sourcecode.swift; path = AccessTokenCacheTests.swift; sourceTree = "<group>"; };
		F45734D2222D941D001F806A /* GraphRequestConnectionTests.swift */ = {isa = PBXFileReference; lastKnownFileType = sourcecode.swift; path = GraphRequestConnectionTests.swift; sourceTree = "<group>"; };
		F45734D4222D94B2001F806A /* GraphRequestPiggybackManagerTests.swift */ = {isa = PBXFileReference; lastKnownFileType = sourcecode.swift; path = GraphRequestPiggybackManagerTests.swift; sourceTree = "<group>"; };
		F45734D6222D9535001F806A /* InternalUtilityTests.swift */ = {isa = PBXFileReference; lastKnownFileType = sourcecode.swift; path = InternalUtilityTests.swift; sourceTree = "<group>"; };
		F49FA479222880FE0008CAD6 /* FacebookCoreTests.xctest */ = {isa = PBXFileReference; explicitFileType = wrapper.cfbundle; includeInIndex = 0; path = FacebookCoreTests.xctest; sourceTree = BUILT_PRODUCTS_DIR; };
		F49FA47D222880FE0008CAD6 /* Info.plist */ = {isa = PBXFileReference; lastKnownFileType = text.plist.xml; path = Info.plist; sourceTree = "<group>"; };
		F49FA48F2228819E0008CAD6 /* AccessTokenTests.swift */ = {isa = PBXFileReference; lastKnownFileType = sourcecode.swift; path = AccessTokenTests.swift; sourceTree = "<group>"; };
		F49FA4A0222896310008CAD6 /* FacebookCoreTests.xcconfig */ = {isa = PBXFileReference; fileEncoding = 4; lastKnownFileType = text.xcconfig; path = FacebookCoreTests.xcconfig; sourceTree = "<group>"; };
/* End PBXFileReference section */

/* Begin PBXFrameworksBuildPhase section */
		8115C0D41CFE540D001FF33B /* Frameworks */ = {
			isa = PBXFrameworksBuildPhase;
			buildActionMask = 2147483647;
			files = (
			);
			runOnlyForDeploymentPostprocessing = 0;
		};
		811C5DF61CFFD36600E4A925 /* Frameworks */ = {
			isa = PBXFrameworksBuildPhase;
			buildActionMask = 2147483647;
			files = (
				811C5E4D1CFFD4D100E4A925 /* FacebookCore.framework in Frameworks */,
			);
			runOnlyForDeploymentPostprocessing = 0;
		};
		811C5E031CFFD36D00E4A925 /* Frameworks */ = {
			isa = PBXFrameworksBuildPhase;
			buildActionMask = 2147483647;
			files = (
				811C5E561CFFD4F800E4A925 /* FacebookCore.framework in Frameworks */,
			);
			runOnlyForDeploymentPostprocessing = 0;
		};
		F49FA476222880FE0008CAD6 /* Frameworks */ = {
			isa = PBXFrameworksBuildPhase;
			buildActionMask = 2147483647;
			files = (
				F49FA47E222880FE0008CAD6 /* FacebookCore.framework in Frameworks */,
			);
			runOnlyForDeploymentPostprocessing = 0;
		};
/* End PBXFrameworksBuildPhase section */

/* Begin PBXGroup section */
		8115C0CE1CFE540D001FF33B = {
			isa = PBXGroup;
			children = (
				81654DC31D356E9A006401F1 /* Configurations */,
				811C5E5D1CFFD52B00E4A925 /* Sources */,
				8115C0E31CFE543A001FF33B /* Resources */,
				8115C0D91CFE540D001FF33B /* Products */,
			);
			indentWidth = 2;
			sourceTree = "<group>";
			tabWidth = 2;
		};
		8115C0D91CFE540D001FF33B /* Products */ = {
			isa = PBXGroup;
			children = (
				8115C0D81CFE540D001FF33B /* FacebookCore.framework */,
				811C5DFD1CFFD36600E4A925 /* FacebookLogin.framework */,
				811C5E0A1CFFD36D00E4A925 /* FacebookShare.framework */,
				F49FA479222880FE0008CAD6 /* FacebookCoreTests.xctest */,
			);
			name = Products;
			sourceTree = "<group>";
		};
		8115C0E31CFE543A001FF33B /* Resources */ = {
			isa = PBXGroup;
			children = (
				8115C0E41CFE543A001FF33B /* Info.plist */,
			);
			path = Resources;
			sourceTree = "<group>";
		};
		811C5E5D1CFFD52B00E4A925 /* Sources */ = {
			isa = PBXGroup;
			children = (
				811C5E5E1CFFD52B00E4A925 /* Core */,
				F49FA47A222880FE0008CAD6 /* FacebookCoreTests */,
				811C5E601CFFD52B00E4A925 /* Login */,
				811C5E621CFFD52B00E4A925 /* Share */,
			);
			path = Sources;
			sourceTree = "<group>";
		};
		811C5E5E1CFFD52B00E4A925 /* Core */ = {
			isa = PBXGroup;
			children = (
				F409967222289D3000F23464 /* AccessToken.swift */,
				F44DB69122299FA10083506E /* AccessTokenWallet.swift */,
				F49FA49F222896310008CAD6 /* Configurations */,
				F44DB6B2222B01B60083506E /* Extensions */,
				F44DB6992229B36D0083506E /* Needs Conversion */,
				F44DB6B8222B07740083506E /* GraphConnectionProvider.swift */,
				F4144A11222DB16C00CB83E0 /* Permission.swift */,
			);
			path = Core;
			sourceTree = "<group>";
		};
		811C5E601CFFD52B00E4A925 /* Login */ = {
			isa = PBXGroup;
			children = (
			);
			path = Login;
			sourceTree = "<group>";
		};
		811C5E621CFFD52B00E4A925 /* Share */ = {
			isa = PBXGroup;
			children = (
			);
			path = Share;
			sourceTree = "<group>";
		};
		81654DC31D356E9A006401F1 /* Configurations */ = {
			isa = PBXGroup;
			children = (
				81654DC41D356E9A006401F1 /* FacebookCore.xcconfig */,
				81654DC51D356E9A006401F1 /* FacebookLogin.xcconfig */,
				81654DC61D356E9A006401F1 /* FacebookShare.xcconfig */,
				811AD1B51D35D9C8007689DC /* Version.xcconfig */,
				81654DC71D356E9A006401F1 /* Shared */,
			);
			path = Configurations;
			sourceTree = "<group>";
		};
		81654DC71D356E9A006401F1 /* Shared */ = {
			isa = PBXGroup;
			children = (
				81654DC81D356E9A006401F1 /* Common.xcconfig */,
				81654DC91D356E9A006401F1 /* Platform */,
				81654DCE1D356E9A006401F1 /* Product */,
				81654DD31D356E9A006401F1 /* Project */,
				81654DD61D356E9A006401F1 /* Warnings.xcconfig */,
			);
			path = Shared;
			sourceTree = "<group>";
		};
		81654DC91D356E9A006401F1 /* Platform */ = {
			isa = PBXGroup;
			children = (
				81654DCA1D356E9A006401F1 /* iOS.xcconfig */,
				81654DCB1D356E9A006401F1 /* macOS.xcconfig */,
				81654DCC1D356E9A006401F1 /* tvOS.xcconfig */,
				81654DCD1D356E9A006401F1 /* watchOS.xcconfig */,
			);
			path = Platform;
			sourceTree = "<group>";
		};
		81654DCE1D356E9A006401F1 /* Product */ = {
			isa = PBXGroup;
			children = (
				81654DCF1D356E9A006401F1 /* Application.xcconfig */,
				81654DD01D356E9A006401F1 /* DynamicFramework.xcconfig */,
				81654DD11D356E9A006401F1 /* LogicTests.xcconfig */,
				81654DD21D356E9A006401F1 /* StaticFramework.xcconfig */,
			);
			path = Product;
			sourceTree = "<group>";
		};
		81654DD31D356E9A006401F1 /* Project */ = {
			isa = PBXGroup;
			children = (
				81654DD41D356E9A006401F1 /* Debug.xcconfig */,
				81654DD51D356E9A006401F1 /* Release.xcconfig */,
			);
			path = Project;
			sourceTree = "<group>";
		};
		F44DB6972229AE040083506E /* Helpers */ = {
			isa = PBXGroup;
			children = (
				F44DB6A02229C50E0083506E /* FakeAccessTokenCache.swift */,
				F44DB6952229ADFB0083506E /* FakeCookieUtility.swift */,
				F44DB6BE222B10040083506E /* FakeGraphConnectionProvider.swift */,
				F44DB6C0222B11620083506E /* FakeGraphRequestConnection.swift */,
				F44DB6A42229CFFC0083506E /* FakeNotificationCenter.swift */,
				F44DB6A22229C6B60083506E /* FakeSettings.swift */,
				F44DB6C2222B136F0083506E /* FakeGraphRequestPiggybackManager.swift */,
			);
			path = Helpers;
			sourceTree = "<group>";
		};
		F44DB6992229B36D0083506E /* Needs Conversion */ = {
			isa = PBXGroup;
			children = (
				F44DB69E2229B4C50083506E /* AccessTokenCache.swift */,
				F44DB69C2229B4420083506E /* AccessTokenCaching.swift */,
				F44DB6932229AB460083506E /* InternalUtility.swift */,
				F44DB69A2229B37F0083506E /* Settings.swift */,
				F44DB6B6222B07050083506E /* GraphRequestConnection.swift */,
				F44DB6BC222B0DD20083506E /* GraphRequestPiggybackManager.swift */,
			);
			path = "Needs Conversion";
			sourceTree = "<group>";
		};
		F44DB6AE222AF5420083506E /* Fixtures */ = {
			isa = PBXGroup;
			children = (
				F44DB6AC222AF53B0083506E /* AccessTokenFixtures.swift */,
			);
			path = Fixtures;
			sourceTree = "<group>";
		};
		F44DB6B2222B01B60083506E /* Extensions */ = {
			isa = PBXGroup;
			children = (
				F44DB6B3222B022E0083506E /* NotificationCenter+Extensions.swift */,
				F44DB6AF222B019D0083506E /* NotificationName+Extensions.swift */,
			);
			path = Extensions;
			sourceTree = "<group>";
		};
		F49FA47A222880FE0008CAD6 /* FacebookCoreTests */ = {
			isa = PBXGroup;
			children = (
				F45734D0222D9343001F806A /* AccessTokenCacheTests.swift */,
				F49FA48F2228819E0008CAD6 /* AccessTokenTests.swift */,
				F44DB6A82229D7BF0083506E /* AccessTokenWalletConfigurationTests.swift */,
				F409967422299BE200F23464 /* AccessTokenWalletTests.swift */,
				F44DB6AE222AF5420083506E /* Fixtures */,
				F45734CE222D892A001F806A /* GraphConnectionProviderTests.swift */,
				F45734D2222D941D001F806A /* GraphRequestConnectionTests.swift */,
				F45734D4222D94B2001F806A /* GraphRequestPiggybackManagerTests.swift */,
				F44DB6972229AE040083506E /* Helpers */,
				F49FA47D222880FE0008CAD6 /* Info.plist */,
				F45734D6222D9535001F806A /* InternalUtilityTests.swift */,
				F4144A0F222DAFCD00CB83E0 /* PermissionTests.swift */,
			);
			path = FacebookCoreTests;
			sourceTree = "<group>";
		};
		F49FA49F222896310008CAD6 /* Configurations */ = {
			isa = PBXGroup;
			children = (
				F49FA4A0222896310008CAD6 /* FacebookCoreTests.xcconfig */,
			);
			path = Configurations;
			sourceTree = "<group>";
		};
/* End PBXGroup section */

/* Begin PBXHeadersBuildPhase section */
		8115C0D51CFE540D001FF33B /* Headers */ = {
			isa = PBXHeadersBuildPhase;
			buildActionMask = 2147483647;
			files = (
			);
			runOnlyForDeploymentPostprocessing = 0;
		};
		811C5DF81CFFD36600E4A925 /* Headers */ = {
			isa = PBXHeadersBuildPhase;
			buildActionMask = 2147483647;
			files = (
			);
			runOnlyForDeploymentPostprocessing = 0;
		};
		811C5E051CFFD36D00E4A925 /* Headers */ = {
			isa = PBXHeadersBuildPhase;
			buildActionMask = 2147483647;
			files = (
			);
			runOnlyForDeploymentPostprocessing = 0;
		};
/* End PBXHeadersBuildPhase section */

/* Begin PBXNativeTarget section */
		8115C0D71CFE540D001FF33B /* FacebookCore */ = {
			isa = PBXNativeTarget;
			buildConfigurationList = 8115C0E01CFE540D001FF33B /* Build configuration list for PBXNativeTarget "FacebookCore" */;
			buildPhases = (
				8115C0D31CFE540D001FF33B /* Sources */,
				8115C0D41CFE540D001FF33B /* Frameworks */,
				8115C0D51CFE540D001FF33B /* Headers */,
				8115C0D61CFE540D001FF33B /* Resources */,
				5257097220F6C9800053B9E3 /* Swiftlint */,
			);
			buildRules = (
			);
			dependencies = (
			);
			name = FacebookCore;
			productName = FacebookCore;
			productReference = 8115C0D81CFE540D001FF33B /* FacebookCore.framework */;
			productType = "com.apple.product-type.framework";
		};
		811C5DF21CFFD36600E4A925 /* FacebookLogin */ = {
			isa = PBXNativeTarget;
			buildConfigurationList = 811C5DFA1CFFD36600E4A925 /* Build configuration list for PBXNativeTarget "FacebookLogin" */;
			buildPhases = (
				811C5DF51CFFD36600E4A925 /* Sources */,
				811C5DF61CFFD36600E4A925 /* Frameworks */,
				811C5DF81CFFD36600E4A925 /* Headers */,
				811C5DF91CFFD36600E4A925 /* Resources */,
				525709A520F6CB740053B9E3 /* Swiftlint */,
			);
			buildRules = (
			);
			dependencies = (
				811C5E481CFFD4C800E4A925 /* PBXTargetDependency */,
			);
			name = FacebookLogin;
			productName = FacebookLogin;
			productReference = 811C5DFD1CFFD36600E4A925 /* FacebookLogin.framework */;
			productType = "com.apple.product-type.framework";
		};
		811C5DFF1CFFD36D00E4A925 /* FacebookShare */ = {
			isa = PBXNativeTarget;
			buildConfigurationList = 811C5E071CFFD36D00E4A925 /* Build configuration list for PBXNativeTarget "FacebookShare" */;
			buildPhases = (
				811C5E021CFFD36D00E4A925 /* Sources */,
				811C5E031CFFD36D00E4A925 /* Frameworks */,
				811C5E051CFFD36D00E4A925 /* Headers */,
				811C5E061CFFD36D00E4A925 /* Resources */,
				525709A620F6CB830053B9E3 /* Swiftlint */,
			);
			buildRules = (
			);
			dependencies = (
				811C5E551CFFD4F100E4A925 /* PBXTargetDependency */,
			);
			name = FacebookShare;
			productName = FacebookShare;
			productReference = 811C5E0A1CFFD36D00E4A925 /* FacebookShare.framework */;
			productType = "com.apple.product-type.framework";
		};
		F49FA478222880FE0008CAD6 /* FacebookCoreTests */ = {
			isa = PBXNativeTarget;
			buildConfigurationList = F49FA481222880FE0008CAD6 /* Build configuration list for PBXNativeTarget "FacebookCoreTests" */;
			buildPhases = (
				F49FA475222880FE0008CAD6 /* Sources */,
				F49FA476222880FE0008CAD6 /* Frameworks */,
				F49FA477222880FE0008CAD6 /* Resources */,
			);
			buildRules = (
			);
			dependencies = (
				F49FA480222880FE0008CAD6 /* PBXTargetDependency */,
			);
			name = FacebookCoreTests;
			productName = FacebookCoreTests;
			productReference = F49FA479222880FE0008CAD6 /* FacebookCoreTests.xctest */;
			productType = "com.apple.product-type.bundle.unit-test";
		};
/* End PBXNativeTarget section */

/* Begin PBXProject section */
		8115C0CF1CFE540D001FF33B /* Project object */ = {
			isa = PBXProject;
			attributes = {
				LastSwiftUpdateCheck = 1010;
				LastUpgradeCheck = 0940;
				ORGANIZATIONNAME = "Facebook Inc";
				TargetAttributes = {
					8115C0D71CFE540D001FF33B = {
						CreatedOnToolsVersion = 7.3.1;
						LastSwiftMigration = 1020;
					};
					811C5DF21CFFD36600E4A925 = {
						LastSwiftMigration = 1020;
					};
					811C5DFF1CFFD36D00E4A925 = {
						LastSwiftMigration = 1020;
					};
					F49FA478222880FE0008CAD6 = {
						CreatedOnToolsVersion = 10.1;
						ProvisioningStyle = Automatic;
					};
				};
			};
			buildConfigurationList = 8115C0D21CFE540D001FF33B /* Build configuration list for PBXProject "FacebookSwift" */;
			compatibilityVersion = "Xcode 3.2";
			developmentRegion = English;
			hasScannedForEncodings = 0;
			knownRegions = (
				English,
				en,
			);
			mainGroup = 8115C0CE1CFE540D001FF33B;
			productRefGroup = 8115C0D91CFE540D001FF33B /* Products */;
			projectDirPath = "";
			projectRoot = "";
			targets = (
				8115C0D71CFE540D001FF33B /* FacebookCore */,
				811C5DF21CFFD36600E4A925 /* FacebookLogin */,
				811C5DFF1CFFD36D00E4A925 /* FacebookShare */,
				F49FA478222880FE0008CAD6 /* FacebookCoreTests */,
			);
		};
/* End PBXProject section */

/* Begin PBXResourcesBuildPhase section */
		8115C0D61CFE540D001FF33B /* Resources */ = {
			isa = PBXResourcesBuildPhase;
			buildActionMask = 2147483647;
			files = (
				F49FA4A1222896310008CAD6 /* FacebookCoreTests.xcconfig in Resources */,
			);
			runOnlyForDeploymentPostprocessing = 0;
		};
		811C5DF91CFFD36600E4A925 /* Resources */ = {
			isa = PBXResourcesBuildPhase;
			buildActionMask = 2147483647;
			files = (
			);
			runOnlyForDeploymentPostprocessing = 0;
		};
		811C5E061CFFD36D00E4A925 /* Resources */ = {
			isa = PBXResourcesBuildPhase;
			buildActionMask = 2147483647;
			files = (
			);
			runOnlyForDeploymentPostprocessing = 0;
		};
		F49FA477222880FE0008CAD6 /* Resources */ = {
			isa = PBXResourcesBuildPhase;
			buildActionMask = 2147483647;
			files = (
			);
			runOnlyForDeploymentPostprocessing = 0;
		};
/* End PBXResourcesBuildPhase section */

/* Begin PBXShellScriptBuildPhase section */
		5257097220F6C9800053B9E3 /* Swiftlint */ = {
			isa = PBXShellScriptBuildPhase;
			buildActionMask = 2147483647;
			files = (
			);
			inputPaths = (
			);
			name = Swiftlint;
			outputPaths = (
			);
			runOnlyForDeploymentPostprocessing = 0;
			shellPath = /bin/sh;
			shellScript = "if which swiftlint >/dev/null; then\n  swiftlint\nelse\n  echo \"warning: SwiftLint not installed, download from https://github.com/realm/SwiftLint\"\nfi";
		};
		525709A520F6CB740053B9E3 /* Swiftlint */ = {
			isa = PBXShellScriptBuildPhase;
			buildActionMask = 2147483647;
			files = (
			);
			inputPaths = (
			);
			name = Swiftlint;
			outputPaths = (
			);
			runOnlyForDeploymentPostprocessing = 0;
			shellPath = /bin/sh;
			shellScript = "if which swiftlint >/dev/null; then\n  swiftlint\nelse\n  echo \"warning: SwiftLint not installed, download from https://github.com/realm/SwiftLint\"\nfi";
		};
		525709A620F6CB830053B9E3 /* Swiftlint */ = {
			isa = PBXShellScriptBuildPhase;
			buildActionMask = 2147483647;
			files = (
			);
			inputPaths = (
			);
			name = Swiftlint;
			outputPaths = (
			);
			runOnlyForDeploymentPostprocessing = 0;
			shellPath = /bin/sh;
			shellScript = "if which swiftlint >/dev/null; then\n  swiftlint\nelse\n  echo \"warning: SwiftLint not installed, download from https://github.com/realm/SwiftLint\"\nfi";
		};
/* End PBXShellScriptBuildPhase section */

/* Begin PBXSourcesBuildPhase section */
		8115C0D31CFE540D001FF33B /* Sources */ = {
			isa = PBXSourcesBuildPhase;
			buildActionMask = 2147483647;
			files = (
				F44DB6BD222B0DD20083506E /* GraphRequestPiggybackManager.swift in Sources */,
				F44DB6942229AB460083506E /* InternalUtility.swift in Sources */,
				F44DB6B5222B024A0083506E /* NotificationCenter+Extensions.swift in Sources */,
				F44DB69222299FA10083506E /* AccessTokenWallet.swift in Sources */,
				F44DB6B9222B07740083506E /* GraphConnectionProvider.swift in Sources */,
				F44DB69D2229B4420083506E /* AccessTokenCaching.swift in Sources */,
				F409967322289D3000F23464 /* AccessToken.swift in Sources */,
				F44DB6B1222B01A30083506E /* NotificationName+Extensions.swift in Sources */,
				F4144A12222DB16C00CB83E0 /* Permission.swift in Sources */,
				F44DB69B2229B37F0083506E /* Settings.swift in Sources */,
				F44DB6B7222B07050083506E /* GraphRequestConnection.swift in Sources */,
				F44DB69F2229B4C50083506E /* AccessTokenCache.swift in Sources */,
			);
			runOnlyForDeploymentPostprocessing = 0;
		};
		811C5DF51CFFD36600E4A925 /* Sources */ = {
			isa = PBXSourcesBuildPhase;
			buildActionMask = 2147483647;
			files = (
			);
			runOnlyForDeploymentPostprocessing = 0;
		};
		811C5E021CFFD36D00E4A925 /* Sources */ = {
			isa = PBXSourcesBuildPhase;
			buildActionMask = 2147483647;
			files = (
			);
			runOnlyForDeploymentPostprocessing = 0;
		};
		F49FA475222880FE0008CAD6 /* Sources */ = {
			isa = PBXSourcesBuildPhase;
			buildActionMask = 2147483647;
			files = (
				F45734D1222D9343001F806A /* AccessTokenCacheTests.swift in Sources */,
				F44DB6C1222B11620083506E /* FakeGraphRequestConnection.swift in Sources */,
				F44DB6A92229D7BF0083506E /* AccessTokenWalletConfigurationTests.swift in Sources */,
				F45734D5222D94B2001F806A /* GraphRequestPiggybackManagerTests.swift in Sources */,
				F44DB6C3222B136F0083506E /* FakeGraphRequestPiggybackManager.swift in Sources */,
				F44DB6BF222B10040083506E /* FakeGraphConnectionProvider.swift in Sources */,
				F44DB6AD222AF53B0083506E /* AccessTokenFixtures.swift in Sources */,
				F45734CF222D892A001F806A /* GraphConnectionProviderTests.swift in Sources */,
				F409967522299BE200F23464 /* AccessTokenWalletTests.swift in Sources */,
				F45734D7222D9535001F806A /* InternalUtilityTests.swift in Sources */,
				F45734D3222D941D001F806A /* GraphRequestConnectionTests.swift in Sources */,
				F44DB6982229AE4C0083506E /* FakeCookieUtility.swift in Sources */,
				F44DB6A52229CFFC0083506E /* FakeNotificationCenter.swift in Sources */,
				F49FA4902228819E0008CAD6 /* AccessTokenTests.swift in Sources */,
				F44DB6A32229C6B60083506E /* FakeSettings.swift in Sources */,
				F44DB6A12229C50E0083506E /* FakeAccessTokenCache.swift in Sources */,
				F4144A10222DAFCD00CB83E0 /* PermissionTests.swift in Sources */,
			);
			runOnlyForDeploymentPostprocessing = 0;
		};
/* End PBXSourcesBuildPhase section */

/* Begin PBXTargetDependency section */
		811C5E481CFFD4C800E4A925 /* PBXTargetDependency */ = {
			isa = PBXTargetDependency;
			target = 8115C0D71CFE540D001FF33B /* FacebookCore */;
			targetProxy = 811C5E471CFFD4C800E4A925 /* PBXContainerItemProxy */;
		};
		811C5E551CFFD4F100E4A925 /* PBXTargetDependency */ = {
			isa = PBXTargetDependency;
			target = 8115C0D71CFE540D001FF33B /* FacebookCore */;
			targetProxy = 811C5E541CFFD4F100E4A925 /* PBXContainerItemProxy */;
		};
		F49FA480222880FE0008CAD6 /* PBXTargetDependency */ = {
			isa = PBXTargetDependency;
			target = 8115C0D71CFE540D001FF33B /* FacebookCore */;
			targetProxy = F49FA47F222880FE0008CAD6 /* PBXContainerItemProxy */;
		};
/* End PBXTargetDependency section */

/* Begin XCBuildConfiguration section */
		8115C0DE1CFE540D001FF33B /* Debug */ = {
			isa = XCBuildConfiguration;
			baseConfigurationReference = 81654DD41D356E9A006401F1 /* Debug.xcconfig */;
			buildSettings = {
				CLANG_ANALYZER_LOCALIZABILITY_NONLOCALIZED = YES;
				CLANG_WARN_BLOCK_CAPTURE_AUTORELEASING = YES;
				CLANG_WARN_COMMA = YES;
				CLANG_WARN_OBJC_IMPLICIT_RETAIN_SELF = YES;
				CLANG_WARN_RANGE_LOOP_ANALYSIS = YES;
				CLANG_WARN_STRICT_PROTOTYPES = YES;
			};
			name = Debug;
		};
		8115C0DF1CFE540D001FF33B /* Release */ = {
			isa = XCBuildConfiguration;
			baseConfigurationReference = 81654DD51D356E9A006401F1 /* Release.xcconfig */;
			buildSettings = {
				CLANG_ANALYZER_LOCALIZABILITY_NONLOCALIZED = YES;
				CLANG_WARN_BLOCK_CAPTURE_AUTORELEASING = YES;
				CLANG_WARN_COMMA = YES;
				CLANG_WARN_OBJC_IMPLICIT_RETAIN_SELF = YES;
				CLANG_WARN_RANGE_LOOP_ANALYSIS = YES;
				CLANG_WARN_STRICT_PROTOTYPES = YES;
				SWIFT_COMPILATION_MODE = wholemodule;
			};
			name = Release;
		};
		8115C0E11CFE540D001FF33B /* Debug */ = {
			isa = XCBuildConfiguration;
			baseConfigurationReference = 81654DC41D356E9A006401F1 /* FacebookCore.xcconfig */;
			buildSettings = {
				CLANG_ENABLE_MODULES = YES;
				DEFINES_MODULE = YES;
				LD_RUNPATH_SEARCH_PATHS = "$(inherited) @executable_path/Frameworks @loader_path/Frameworks";
				SWIFT_OPTIMIZATION_LEVEL = "-Onone";
			};
			name = Debug;
		};
		8115C0E21CFE540D001FF33B /* Release */ = {
			isa = XCBuildConfiguration;
			baseConfigurationReference = 81654DC41D356E9A006401F1 /* FacebookCore.xcconfig */;
			buildSettings = {
				CLANG_ENABLE_MODULES = YES;
				DEFINES_MODULE = YES;
				LD_RUNPATH_SEARCH_PATHS = "$(inherited) @executable_path/Frameworks @loader_path/Frameworks";
			};
			name = Release;
		};
		811C5DFB1CFFD36600E4A925 /* Debug */ = {
			isa = XCBuildConfiguration;
			baseConfigurationReference = 81654DC51D356E9A006401F1 /* FacebookLogin.xcconfig */;
			buildSettings = {
			};
			name = Debug;
		};
		811C5DFC1CFFD36600E4A925 /* Release */ = {
			isa = XCBuildConfiguration;
			baseConfigurationReference = 81654DC51D356E9A006401F1 /* FacebookLogin.xcconfig */;
			buildSettings = {
			};
			name = Release;
		};
		811C5E081CFFD36D00E4A925 /* Debug */ = {
			isa = XCBuildConfiguration;
			baseConfigurationReference = 81654DC61D356E9A006401F1 /* FacebookShare.xcconfig */;
			buildSettings = {
			};
			name = Debug;
		};
		811C5E091CFFD36D00E4A925 /* Release */ = {
			isa = XCBuildConfiguration;
			baseConfigurationReference = 81654DC61D356E9A006401F1 /* FacebookShare.xcconfig */;
			buildSettings = {
			};
			name = Release;
		};
		F49FA482222880FE0008CAD6 /* Debug */ = {
			isa = XCBuildConfiguration;
			baseConfigurationReference = F49FA4A0222896310008CAD6 /* FacebookCoreTests.xcconfig */;
			buildSettings = {
				ALWAYS_SEARCH_USER_PATHS = NO;
				CLANG_ANALYZER_NONNULL = YES;
				CLANG_ANALYZER_NUMBER_OBJECT_CONVERSION = YES_AGGRESSIVE;
				CLANG_CXX_LANGUAGE_STANDARD = "gnu++14";
				CLANG_CXX_LIBRARY = "libc++";
				CLANG_ENABLE_MODULES = YES;
				CLANG_ENABLE_OBJC_ARC = YES;
				CLANG_ENABLE_OBJC_WEAK = YES;
				CLANG_WARN_BOOL_CONVERSION = YES;
				CLANG_WARN_CONSTANT_CONVERSION = YES;
				CLANG_WARN_DEPRECATED_OBJC_IMPLEMENTATIONS = YES;
				CLANG_WARN_DIRECT_OBJC_ISA_USAGE = YES_ERROR;
				CLANG_WARN_DOCUMENTATION_COMMENTS = YES;
				CLANG_WARN_EMPTY_BODY = YES;
				CLANG_WARN_ENUM_CONVERSION = YES;
				CLANG_WARN_INFINITE_RECURSION = YES;
				CLANG_WARN_INT_CONVERSION = YES;
				CLANG_WARN_NON_LITERAL_NULL_CONVERSION = YES;
				CLANG_WARN_OBJC_LITERAL_CONVERSION = YES;
				CLANG_WARN_OBJC_ROOT_CLASS = YES_ERROR;
				CLANG_WARN_SUSPICIOUS_MOVE = YES;
				CLANG_WARN_UNGUARDED_AVAILABILITY = YES_AGGRESSIVE;
				CLANG_WARN_UNREACHABLE_CODE = YES;
				CLANG_WARN__DUPLICATE_METHOD_MATCH = YES;
				CODE_SIGN_IDENTITY = "iPhone Developer";
				CODE_SIGN_STYLE = Automatic;
				COPY_PHASE_STRIP = NO;
				DEBUG_INFORMATION_FORMAT = dwarf;
				ENABLE_STRICT_OBJC_MSGSEND = YES;
				ENABLE_TESTABILITY = YES;
				GCC_C_LANGUAGE_STANDARD = gnu11;
				GCC_DYNAMIC_NO_PIC = NO;
				GCC_NO_COMMON_BLOCKS = YES;
				GCC_OPTIMIZATION_LEVEL = 0;
				GCC_PREPROCESSOR_DEFINITIONS = (
					"DEBUG=1",
					"$(inherited)",
				);
				GCC_WARN_64_TO_32_BIT_CONVERSION = YES;
				GCC_WARN_ABOUT_RETURN_TYPE = YES_ERROR;
				GCC_WARN_UNDECLARED_SELECTOR = YES;
				GCC_WARN_UNINITIALIZED_AUTOS = YES_AGGRESSIVE;
				GCC_WARN_UNUSED_FUNCTION = YES;
				GCC_WARN_UNUSED_VARIABLE = YES;
				INFOPLIST_FILE = Sources/Core/FacebookCoreTests/Info.plist;
				IPHONEOS_DEPLOYMENT_TARGET = 12.1;
				LD_RUNPATH_SEARCH_PATHS = "$(inherited) @executable_path/Frameworks @loader_path/Frameworks";
				MTL_ENABLE_DEBUG_INFO = INCLUDE_SOURCE;
				MTL_FAST_MATH = YES;
				ONLY_ACTIVE_ARCH = YES;
				PRODUCT_BUNDLE_IDENTIFIER = com.facebook.swift.FacebookCoreTests;
				PRODUCT_NAME = "$(TARGET_NAME)";
				SDKROOT = iphoneos;
				SWIFT_ACTIVE_COMPILATION_CONDITIONS = DEBUG;
				SWIFT_OPTIMIZATION_LEVEL = "-Onone";
				SWIFT_VERSION = 4.2;
				TARGETED_DEVICE_FAMILY = "1,2";
			};
			name = Debug;
		};
		F49FA483222880FE0008CAD6 /* Release */ = {
			isa = XCBuildConfiguration;
			baseConfigurationReference = F49FA4A0222896310008CAD6 /* FacebookCoreTests.xcconfig */;
			buildSettings = {
				ALWAYS_SEARCH_USER_PATHS = NO;
				CLANG_ANALYZER_NONNULL = YES;
				CLANG_ANALYZER_NUMBER_OBJECT_CONVERSION = YES_AGGRESSIVE;
				CLANG_CXX_LANGUAGE_STANDARD = "gnu++14";
				CLANG_CXX_LIBRARY = "libc++";
				CLANG_ENABLE_MODULES = YES;
				CLANG_ENABLE_OBJC_ARC = YES;
				CLANG_ENABLE_OBJC_WEAK = YES;
				CLANG_WARN_BOOL_CONVERSION = YES;
				CLANG_WARN_CONSTANT_CONVERSION = YES;
				CLANG_WARN_DEPRECATED_OBJC_IMPLEMENTATIONS = YES;
				CLANG_WARN_DIRECT_OBJC_ISA_USAGE = YES_ERROR;
				CLANG_WARN_DOCUMENTATION_COMMENTS = YES;
				CLANG_WARN_EMPTY_BODY = YES;
				CLANG_WARN_ENUM_CONVERSION = YES;
				CLANG_WARN_INFINITE_RECURSION = YES;
				CLANG_WARN_INT_CONVERSION = YES;
				CLANG_WARN_NON_LITERAL_NULL_CONVERSION = YES;
				CLANG_WARN_OBJC_LITERAL_CONVERSION = YES;
				CLANG_WARN_OBJC_ROOT_CLASS = YES_ERROR;
				CLANG_WARN_SUSPICIOUS_MOVE = YES;
				CLANG_WARN_UNGUARDED_AVAILABILITY = YES_AGGRESSIVE;
				CLANG_WARN_UNREACHABLE_CODE = YES;
				CLANG_WARN__DUPLICATE_METHOD_MATCH = YES;
				CODE_SIGN_IDENTITY = "iPhone Developer";
				CODE_SIGN_STYLE = Automatic;
				COPY_PHASE_STRIP = NO;
				DEBUG_INFORMATION_FORMAT = "dwarf-with-dsym";
				ENABLE_NS_ASSERTIONS = NO;
				ENABLE_STRICT_OBJC_MSGSEND = YES;
				GCC_C_LANGUAGE_STANDARD = gnu11;
				GCC_NO_COMMON_BLOCKS = YES;
				GCC_WARN_64_TO_32_BIT_CONVERSION = YES;
				GCC_WARN_ABOUT_RETURN_TYPE = YES_ERROR;
				GCC_WARN_UNDECLARED_SELECTOR = YES;
				GCC_WARN_UNINITIALIZED_AUTOS = YES_AGGRESSIVE;
				GCC_WARN_UNUSED_FUNCTION = YES;
				GCC_WARN_UNUSED_VARIABLE = YES;
				INFOPLIST_FILE = Sources/Core/FacebookCoreTests/Info.plist;
				IPHONEOS_DEPLOYMENT_TARGET = 12.1;
				LD_RUNPATH_SEARCH_PATHS = "$(inherited) @executable_path/Frameworks @loader_path/Frameworks";
				MTL_ENABLE_DEBUG_INFO = NO;
				MTL_FAST_MATH = YES;
				PRODUCT_BUNDLE_IDENTIFIER = com.facebook.swift.FacebookCoreTests;
				PRODUCT_NAME = "$(TARGET_NAME)";
				SDKROOT = iphoneos;
				SWIFT_OPTIMIZATION_LEVEL = "-O";
				SWIFT_VERSION = 4.2;
				TARGETED_DEVICE_FAMILY = "1,2";
				VALIDATE_PRODUCT = YES;
			};
			name = Release;
		};
/* End XCBuildConfiguration section */

/* Begin XCConfigurationList section */
		8115C0D21CFE540D001FF33B /* Build configuration list for PBXProject "FacebookSwift" */ = {
			isa = XCConfigurationList;
			buildConfigurations = (
				8115C0DE1CFE540D001FF33B /* Debug */,
				8115C0DF1CFE540D001FF33B /* Release */,
			);
			defaultConfigurationIsVisible = 0;
			defaultConfigurationName = Release;
		};
		8115C0E01CFE540D001FF33B /* Build configuration list for PBXNativeTarget "FacebookCore" */ = {
			isa = XCConfigurationList;
			buildConfigurations = (
				8115C0E11CFE540D001FF33B /* Debug */,
				8115C0E21CFE540D001FF33B /* Release */,
			);
			defaultConfigurationIsVisible = 0;
			defaultConfigurationName = Release;
		};
		811C5DFA1CFFD36600E4A925 /* Build configuration list for PBXNativeTarget "FacebookLogin" */ = {
			isa = XCConfigurationList;
			buildConfigurations = (
				811C5DFB1CFFD36600E4A925 /* Debug */,
				811C5DFC1CFFD36600E4A925 /* Release */,
			);
			defaultConfigurationIsVisible = 0;
			defaultConfigurationName = Release;
		};
		811C5E071CFFD36D00E4A925 /* Build configuration list for PBXNativeTarget "FacebookShare" */ = {
			isa = XCConfigurationList;
			buildConfigurations = (
				811C5E081CFFD36D00E4A925 /* Debug */,
				811C5E091CFFD36D00E4A925 /* Release */,
			);
			defaultConfigurationIsVisible = 0;
			defaultConfigurationName = Release;
		};
		F49FA481222880FE0008CAD6 /* Build configuration list for PBXNativeTarget "FacebookCoreTests" */ = {
			isa = XCConfigurationList;
			buildConfigurations = (
				F49FA482222880FE0008CAD6 /* Debug */,
				F49FA483222880FE0008CAD6 /* Release */,
			);
			defaultConfigurationIsVisible = 0;
			defaultConfigurationName = Release;
		};
/* End XCConfigurationList section */
	};
	rootObject = 8115C0CF1CFE540D001FF33B /* Project object */;
}
